github.com/DataDog/gostackparse v0.7.0 h1:i7dLkXHvYzHV308hnkvVGDL3BR4FWl7IsXNPz/IGQh4=
github.com/DataDog/gostackparse v0.7.0/go.mod h1:lTfqcJKqS9KnXQGnyQMCugq3u1FP6UZMfWR0aitKFMM=
github.com/davecgh/go-spew v1.1.0/go.mod h1:J7Y8YcW2NihsgmVo/mv3lAwl/skON4iLHjSsI+c5H38=
github.com/davecgh/go-spew v1.1.1 h1:vj9j/u1bqnvCEfJOwUhtlOARqs3+rkHYY13jYWTU97c=
github.com/davecgh/go-spew v1.1.1/go.mod h1:J7Y8YcW2NihsgmVo/mv3lAwl/skON4iLHjSsI+c5H38=
github.com/davecgh/go-spew v1.1.2-0.20180830191138-d8f796af33cc h1:U9qPSI2PIWSS1VwoXQT9A3Wy9MM3WgvqSxFWenqJduM=
github.com/facebookincubator/go-belt v0.0.0-20240804203001-846c4409d41c h1:OLoKEdiDjc+r1xT1WVD+Tt1k+uGVZtSHXF+t3mo05Jg=
github.com/facebookincubator/go-belt v0.0.0-20240804203001-846c4409d41c/go.mod h1:BLkOQHXT14GLgKvM22LB/fDcq1stjijrTOJQEk3xrUA=
github.com/ggerganov/whisper.cpp/bindings/go v0.0.0-20251101123828-999a7e0cbf84 h1:K1TzbrlGmogqCcw+sd4gZAtYTM9p4DDrMNA1cxmC+sw=
github.com/ggerganov/whisper.cpp/bindings/go v0.0.0-20251101123828-999a7e0cbf84/go.mod h1:qyHjS/50ORo01H0NsuEEGsQR9VCtOcEye0gUl2sx1s8=
github.com/go-ng/slices v0.0.0-20230703171042-6195d35636a2 h1:UkoycH6lT7QfBw3LqHLe6GdFRhxScvVaI7A5oiAjy5s=
github.com/go-ng/slices v0.0.0-20230703171042-6195d35636a2/go.mod h1:bVEceuoz83G4yjq9Os7lCYe+lf46uY8EFEHkxSCywvM=
github.com/go-ng/sort v0.0.0-20220617173827-2cc7cd04f7c7 h1:Ng6QMSlQSB+goG6430/Fp7O4YO2BJZXZJaldtg+7kEc=
github.com/go-ng/sort v0.0.0-20220617173827-2cc7cd04f7c7/go.mod h1:QUXmOopthsqLYJ+rAybuCf16J7qQm60TLVdQR0w1Nus=
github.com/go-ng/xatomic v0.0.0-20230519181013-85c0ec87e55f h1:lifmuIc/S/hzVoStbEAsdryJ6qBSNeXXb9NseP0vlfs=
github.com/go-ng/xatomic v0.0.0-20230519181013-85c0ec87e55f/go.mod h1:+3P6aQ4zDVR6jGPnXq3g/7kHnKLB73EsnGBhM0adWhA=
github.com/go-ng/xsort v0.0.0-20220617174223-1d146907bccc h1:VNz633GRJx2/hL0SpBNoNlLid4xtyi7LSJP1kHpD2Fo=
github.com/go-ng/xsort v0.0.0-20220617174223-1d146907bccc/go.mod h1:Pz/V4pxeXP0hjBlXIrm2ehR0GJ0l4Bon3fsOl6TmoJs=
github.com/google/uuid v1.6.0 h1:NIvaJDMOsjHA8n1jAhLSgzrAzy1Hgr+hNrb57e+94F0=
github.com/google/uuid v1.6.0/go.mod h1:TIyPZe4MgqvfeYDBFedMoGGpEw/LqOeaOT+nhxU+yHo=
github.com/gorilla/websocket v1.5.3 h1:saDtZ6Pbx/0u+bgYQ3q96pZgCzfhKXGPqt7kZ72aNNg=
github.com/gorilla/websocket v1.5.3/go.mod h1:YR8l580nyteQvAITg2hZ9XVh4b55+EU/adAjf1fMHhE=
github.com/hashicorp/errwrap v1.0.0 h1:hLrqtEDnRye3+sgx6z4qVLNuviH3MR5aQ0ykNJa/UYA=
github.com/hashicorp/errwrap v1.0.0/go.mod h1:YH+1FKiLXxHSkmPseP+kNlulaMuP3n2brvKWEqk/Jc4=
github.com/hashicorp/go-multierror v1.1.1 h1:H5DkEtf6CXdFp0N0Em5UCwQpXMWke8IA0+lD48awMYo=
github.com/hashicorp/go-multierror v1.1.1/go.mod h1:iw975J/qwKPdAO1clOe2L8331t/9/fmwbPZ6JB6eMoM=
github.com/huandu/go-tls v0.0.0-20200109070953-6f75fb441850 h1:e6Xuec7psx1wWcYffIzWzhXBBFOJ526073fie9Cc79c=
github.com/huandu/go-tls v0.0.0-20200109070953-6f75fb441850/go.mod h1:WeItecBdaIdUBRb7cSMMk+rq41iFKhf6Q9mDRDpbdec=
github.com/jfreymuth/oggvorbis v1.0.5 h1:u+Ck+R0eLSRhgq8WTmffYnrVtSztJcYrl588DM4e3kQ=
github.com/jfreymuth/oggvorbis v1.0.5/go.mod h1:1U4pqWmghcoVsCJJ4fRBKv9peUJMBHixthRlBeD6uII=
github.com/jfreymuth/vorbis v1.0.2 h1:m1xH6+ZI4thH927pgKD8JOH4eaGRm18rEE9/0WKjvNE=
github.com/jfreymuth/vorbis v1.0.2/go.mod h1:DoftRo4AznKnShRl1GxiTFCseHr4zR9BN3TWXyuzrqQ=
github.com/klauspost/cpuid/v2 v2.2.7 h1:ZWSB3igEs+d0qvnxR/ZBzXVmxkgt8DdzP6m9pfuVLDM=
github.com/klauspost/cpuid/v2 v2.2.7/go.mod h1:Lcz8mBdAVJIBVzewtcLocK12l3Y+JytZYpaMropDUws=
github.com/kr/pretty v0.1.0 h1:L/CwN0zerZDmRFUapSPitk6f+Q3+0za1rQkzVuMiMFI=
github.com/kr/pretty v0.1.0/go.mod h1:dAy3ld7l9f0ibDNOQOHHMYYIIbhfbHSm3C4ZsoJORNo=
github.com/kr/text v0.2.0 h1:5Nx0Ya0ZqY2ygV366QzturHI13Jq95ApcVaJBhpS+AY=
github.com/kr/text v0.2.0/go.mod h1:eLer722TekiGuMkidMxC/pM04lWEeraHUUmBw8l2grE=
github.com/phuslu/goid v1.0.1 h1:74sob8Rch+WJCROvccSbvxn0Pz5RBvIf57MvesjbPNo=
github.com/phuslu/goid v1.0.1/go.mod h1:txc2fUIdrdnn+v9Vq+QpiPQ3dnrXEchjoVDgic+r+L0=
github.com/pion/datachannel v1.5.10 h1:ly0Q26K1i6ZkGf42W7D4hQYR90pZwzFOjTq5AuCKk4o=
github.com/pion/datachannel v1.5.10/go.mod h1:p/jJfC9arb29W7WrxyKbepTU20CFgyx5oLo8Rs4Py/M=
github.com/pion/dtls/v3 v3.0.7 h1:bItXtTYYhZwkPFk4t1n3Kkf5TDrfj6+4wG+CZR8uI9Q=
github.com/pion/dtls/v3 v3.0.7/go.mod h1:uDlH5VPrgOQIw59irKYkMudSFprY9IEFCqz/eTz16f8=
github.com/pion/ice/v4 v4.0.10 h1:P59w1iauC/wPk9PdY8Vjl4fOFL5B+USq1+xbDcN6gT4=
github.com/pion/ice/v4 v4.0.10/go.mod h1:y3M18aPhIxLlcO/4dn9X8LzLLSma84cx6emMSu14FGw=
github.com/pion/interceptor v0.1.41 h1:NpvX3HgWIukTf2yTBVjVGFXtpSpWgXjqz7IIpu7NsOw=
github.com/pion/interceptor v0.1.41/go.mod h1:nEt4187unvRXJFyjiw00GKo+kIuXMWQI9K89fsosDLY=
github.com/pion/logging v0.2.4 h1:tTew+7cmQ+Mc1pTBLKH2puKsOvhm32dROumOZ655zB8=
github.com/pion/logging v0.2.4/go.mod h1:DffhXTKYdNZU+KtJ5pyQDjvOAh/GsNSyv1lbkFbe3so=
github.com/pion/mdns/v2 v2.0.7 h1:c9kM8ewCgjslaAmicYMFQIde2H9/lrZpjBkN8VwoVtM=
github.com/pion/mdns/v2 v2.0.7/go.mod h1:vAdSYNAT0Jy3Ru0zl2YiW3Rm/fJCwIeM0nToenfOJKA=
github.com/pion/randutil v0.1.0 h1:CFG1UdESneORglEsnimhUjf33Rwjubwj6xfiOXBa3mA=
github.com/pion/randutil v0.1.0/go.mod h1:XcJrSMMbbMRhASFVOlj/5hQial/Y8oH/HVo7TBZq+j8=
github.com/pion/rtcp v1.2.15 h1:LZQi2JbdipLOj4eBjK4wlVoQWfrZbh3Q6eHtWtJBZBo=
github.com/pion/rtcp v1.2.15/go.mod h1:jlGuAjHMEXwMUHK78RgX0UmEJFV4zUKOFHR7OP+D3D0=
github.com/pion/rtp v1.8.23 h1:kxX3bN4nM97DPrVBGq5I/Xcl332HnTHeP1Swx3/MCnU=
github.com/pion/rtp v1.8.23/go.mod h1:rF5nS1GqbR7H/TCpKwylzeq6yDM+MM6k+On5EgeThEM=
github.com/pion/sctp v1.8.40 h1:bqbgWYOrUhsYItEnRObUYZuzvOMsVplS3oNgzedBlG8=
github.com/pion/sctp v1.8.40/go.mod h1:SPBBUENXE6ThkEksN5ZavfAhFYll+h+66ZiG6IZQuzo=
github.com/pion/sdp/v3 v3.0.16 h1:0dKzYO6gTAvuLaAKQkC02eCPjMIi4NuAr/ibAwrGDCo=
github.com/pion/sdp/v3 v3.0.16/go.mod h1:9tyKzznud3qiweZcD86kS0ff1pGYB3VX+Bcsmkx6IXo=
github.com/pion/srtp/v3 v3.0.8 h1:RjRrjcIeQsilPzxvdaElN0CpuQZdMvcl9VZ5UY9suUM=
github.com/pion/srtp/v3 v3.0.8/go.mod h1:2Sq6YnDH7/UDCvkSoHSDNDeyBcFgWL0sAVycVbAsXFg=
github.com/pion/stun/v3 v3.0.0 h1:4h1gwhWLWuZWOJIJR9s2ferRO+W3zA/b6ijOI6mKzUw=
github.com/pion/stun/v3 v3.0.0/go.mod h1:HvCN8txt8mwi4FBvS3EmDghW6aQJ24T+y+1TKjB5jyU=
github.com/pion/transport/v3 v3.0.8 h1:oI3myyYnTKUSTthu/NZZ8eu2I5sHbxbUNNFW62olaYc=
github.com/pion/transport/v3 v3.0.8/go.mod h1:+c2eewC5WJQHiAA46fkMMzoYZSuGzA/7E2FPrOYHctQ=
github.com/pion/turn/v4 v4.1.1 h1:9UnY2HB99tpDyz3cVVZguSxcqkJ1DsTSZ+8TGruh4fc=
github.com/pion/turn/v4 v4.1.1/go.mod h1:2123tHk1O++vmjI5VSD0awT50NywDAq5A2NNNU4Jjs8=
github.com/pion/webrtc/v4 v4.1.6 h1:srHH2HwvCGwPba25EYJgUzgLqCQoXl1VCUnrGQMSzUw=
github.com/pion/webrtc/v4 v4.1.6/go.mod h1:wKecGRlkl3ox/As/MYghJL+b/cVXMEhoPMJWPuGQFhU=
github.com/pmezard/go-difflib v1.0.0 h1:4DBwDE0NGyQoBHbLQYPwSUPoCMWR5BEzIk/f1lZbAQM=
github.com/pmezard/go-difflib v1.0.0/go.mod h1:iKH77koFhYxTK1pcRnkKkqfTogsbg7gZNVY4sRDYZ/4=
github.com/pmezard/go-difflib v1.0.1-0.20181226105442-5d4384ee4fb2 h1:Jamvg5psRIccs7FGNTlIRMkT8wgtp5eCXdBlqhYGL6U=
github.com/sirupsen/logrus v1.9.3 h1:dueUQJ1C2q9oE3F7wvmSGAaVtTmUizReu6fjN8uqzbQ=
github.com/sirupsen/logrus v1.9.3/go.mod h1:naHLuLoDiP4jHNo9R0sCBMtWGeIprob74mVsIT4qYEQ=
github.com/stretchr/objx v0.1.0/go.mod h1:HFkY916IF+rwdDfMAkV7OtwuqBVzrE8GR6GFx+wExME=
github.com/stretchr/testify v1.5.1/go.mod h1:5W2xD1RspED5o8YsWQXVCued0rvSQ+mT+I5cxcmMvtA=
github.com/stretchr/testify v1.7.0/go.mod h1:6Fq8oRcR53rry900zMqJjRRixrwX3KX962/h/Wwjteg=
github.com/stretchr/testify v1.11.1 h1:7s2iGBzp5EwR7/aIZr8ao5+dra3wiQyKjjFuvgVKu7U=
github.com/stretchr/testify v1.11.1/go.mod h1:wZwfW3scLgRK+23gO65QZefKpKQRnfz6sD981Nm4B6U=
github.com/wlynxg/anet v0.0.5 h1:J3VJGi1gvo0JwZ/P1/Yc/8p63SoW98B5dHkYDmpgvvU=
github.com/wlynxg/anet v0.0.5/go.mod h1:eay5PRQr7fIVAMbTbchTnO9gG65Hg/uYGdc7mguHxoA=
github.com/xaionaro-go/audio v0.0.0-20250426140416-6a9b3f1c8737 h1:82T1ghLMySGzft1c11Go+GtSQI67Ixk6Mq+nZ52CnnI=
github.com/xaionaro-go/audio v0.0.0-20250426140416-6a9b3f1c8737/go.mod h1:m1JTs/Kqw+iPlQ081sfXA2JPBIylezwe5c3w//oV3Gs=
github.com/xaionaro-go/gorex v0.0.0-20241010205749-bcd59d639c4d h1:9DyH0lboWWzKUwiqGmp9sTZ3bSPhgJHiiWgV+hqY9Uo=
github.com/xaionaro-go/gorex v0.0.0-20241010205749-bcd59d639c4d/go.mod h1:yI0EvHC6Ir5WIZp3tEk7o42/QqeTb9pkII+T8p4FlPo=
github.com/xaionaro-go/logrustash v0.0.0-20240804141650-d48034780a5f h1:mMrVrYtH9MyCUzBwPvuEntvqdCJ0zifCfqV6bHU6z1M=
github.com/xaionaro-go/logrustash v0.0.0-20240804141650-d48034780a5f/go.mod h1:aszOZHoPPSgKwdbJUgonps3MSODqctkNhwQDDwlw0Eg=
github.com/xaionaro-go/object v0.0.0-20241026212449-753ce10ec94c h1:2CIIxTRox9auImHyfbfrqSyrvPaWrw5w2Yw5TkOioZw=
github.com/xaionaro-go/object v0.0.0-20241026212449-753ce10ec94c/go.mod h1:vRcA12NWsR0IrS75eqnPBs5aVfCYmJy4bR+6DbJpBCg=
github.com/xaionaro-go/observability v0.0.0-20250111142240-5d72f17a6d12 h1:iy02dGEbIbn8yb/pO/gPpyl2QSk6CPiLl8/JisKsrWg=
github.com/xaionaro-go/observability v0.0.0-20250111142240-5d72f17a6d12/go.mod h1:j5y9LVYd0v8sJa9Ks7ZyuwFxAUpaNFHBNKBkiYipxPM=
github.com/xaionaro-go/spinlock v0.0.0-20190309154744-55278e21e817/go.mod h1:Nb/15eS0BMty6TMuWgRQM8WCDIUlyPZagcpchHT6c9Y=
github.com/xaionaro-go/spinlock v0.0.0-20200518175509-30e6d1ce68a1 h1:1Kqw9dv2LnznIhJoMt3dNzc/ctSj6VHjyGh4YZHjpE4=
github.com/xaionaro-go/spinlock v0.0.0-20200518175509-30e6d1ce68a1/go.mod h1:UwmTXX+EpoEYHuy0rSys1Rp5PW+eVTgZSjgMVLJENKg=
github.com/xaionaro-go/unsafetools v0.0.0-20241024014258-a46e1ce3763e h1:FV+/FVPYOncsNNqtlMvqRDrsQznArX0lO0PkFifixDs=
github.com/xaionaro-go/unsafetools v0.0.0-20241024014258-a46e1ce3763e/go.mod h1:ERewyGVM0zYnWA9nxdHPIC3xc9Yrf5CgAnBITuP3FRE=
github.com/xaionaro-go/xsync v0.0.0-20250111141039-3e7f31b1a2c6 h1:ROtz45GepYXGa3EK3bImlfdvZKdAr5LEBgZAW7dKRsg=
github.com/xaionaro-go/xsync v0.0.0-20250111141039-3e7f31b1a2c6/go.mod h1:FCpywNAl4a4hgzE8j7Z+TpdhBQi5WHxnI35jOrFpoQw=
golang.org/x/crypto v0.33.0 h1:IOBPskki6Lysi0lo9qQvbxiQ+FvsCC/YWOecCHAixus=
golang.org/x/crypto v0.33.0/go.mod h1:bVdXmD7IV/4GdElGPozy6U7lWdRXA4qyRVGJV57uQ5M=
golang.org/x/exp v0.0.0-20240823005443-9b4947da3948 h1:kx6Ds3MlpiUHKj7syVnbp57++8WpuKPcR5yjLBjvLEA=
golang.org/x/exp v0.0.0-20240823005443-9b4947da3948/go.mod h1:akd2r19cwCdwSwWeIdzYQGa/EZZyqcOdwWiwj5L5eKQ=
golang.org/x/net v0.35.0 h1:T5GQRQb2y08kTAByq9L4/bz8cipCdA8FbRTXewonqY8=
golang.org/x/net v0.35.0/go.mod h1:EglIi67kWsHKlRzzVMUD93VMSWGFOMSZgxFjparz1Qk=
golang.org/x/sys v0.0.0-20200107162124-548cf772de50/go.mod h1:h1NjWce9XRLGQEsW7wpKNCjG9DtNlClVuFLEZdDNbEs=
golang.org/x/sys v0.0.0-20220715151400-c0bba94af5f8/go.mod h1:oPkhp1MJrh7nUepCBck5+mAzfO9JrbApNNgaTdGDITg=
golang.org/x/sys v0.5.0/go.mod h1:oPkhp1MJrh7nUepCBck5+mAzfO9JrbApNNgaTdGDITg=
golang.org/x/sys v0.30.0 h1:QjkSwP/36a20jFYWkSue1YwXzLmsV5Gfq7Eiy72C1uc=
golang.org/x/sys v0.30.0/go.mod h1:/VUhepiaJMQUp4+oa/7Zr1D23ma6VTLIYjOOTFZPUcA=
gopkg.in/check.v1 v0.0.0-20161208181325-20d25e280405/go.mod h1:Co6ibVJAznAaIkqp8huTwlJQCZ016jof/cbN4VW5Yz0=
gopkg.in/check.v1 v1.0.0-20190902080502-41f04d3bba15 h1:YR8cESwS4TdDjEe65xsg0ogRM/Nc3DYOhEAlW+xobZo=
gopkg.in/check.v1 v1.0.0-20190902080502-41f04d3bba15/go.mod h1:Co6ibVJAznAaIkqp8huTwlJQCZ016jof/cbN4VW5Yz0=
gopkg.in/yaml.v2 v2.2.2/go.mod h1:hI93XBmqTisBFMUTm0b8Fm+jr3Dg1NNxqwp+5A1VGuI=
gopkg.in/yaml.v3 v3.0.0-20200313102051-9f266ea9e77c/go.mod h1:K4uyk7z7BCEPqu6E+C64Yfv1cQ7kz7rIZviUmN+EgEM=
gopkg.in/yaml.v3 v3.0.1 h1:fxVm/GzAzEWqLHuvctI91KS9hhNmmWOoWu0XTYJS7CA=
gopkg.in/yaml.v3 v3.0.1/go.mod h1:K4uyk7z7BCEPqu6E+C64Yfv1cQ7kz7rIZviUmN+EgEM=
lukechampine.com/blake3 v1.3.0 h1:sJ3XhFINmHSrYCgl958hscfIa3bw8x4DqMP3u1YvoYE=
lukechampine.com/blake3 v1.3.0/go.mod h1:0OFRp7fBtAylGVCO40o87sbupkyIGgbpv1+M1k1LM6k=
